
Microsoft Visual Studio Solution File, Format Version 12.00
# Visual Studio 15
VisualStudioVersion = 15.0.28307.1259
MinimumVisualStudioVersion = 10.0.40219.1
Project("{E24C65DC-7377-472B-9ABA-BC803B73C61A}") = "scoreAjax", ".", "{59FECF78-86DC-47F8-ABCA-75F26633137C}"
	ProjectSection(WebsiteProperties) = preProject
		TargetFrameworkMoniker = ".NETFramework,Version%3Dv4.0"
		Debug.AspNetCompiler.VirtualPath = "/localhost_50247"
		Debug.AspNetCompiler.PhysicalPath = "..\scoreAjax\"
		Debug.AspNetCompiler.TargetPath = "PrecompiledWeb\localhost_50247\"
		Debug.AspNetCompiler.Updateable = "true"
		Debug.AspNetCompiler.ForceOverwrite = "true"
		Debug.AspNetCompiler.FixedNames = "false"
		Debug.AspNetCompiler.Debug = "True"
		Release.AspNetCompiler.VirtualPath = "/localhost_50247"
		Release.AspNetCompiler.PhysicalPath = "..\scoreAjax\"
		Release.AspNetCompiler.TargetPath = "PrecompiledWeb\localhost_50247\"
		Release.AspNetCompiler.Updateable = "true"
		Release.AspNetCompiler.ForceOverwrite = "true"
		Release.AspNetCompiler.FixedNames = "false"
		Release.AspNetCompiler.Debug = "False"
		VWDPort = "50247"
		SlnRelativePath = "..\scoreAjax\"
	EndProjectSection
EndProject
Global
	GlobalSection(SolutionConfigurationPlatforms) = preSolution
		Debug|Any CPU = Debug|Any CPU
	EndGlobalSection
	GlobalSection(ProjectConfigurationPlatforms) = postSolution
		{59FECF78-86DC-47F8-ABCA-75F26633137C}.Debug|Any CPU.ActiveCfg = Debug|Any CPU
		{59FECF78-86DC-47F8-ABCA-75F26633137C}.Debug|Any CPU.Build.0 = Debug|Any CPU
	EndGlobalSection
	GlobalSection(SolutionProperties) = preSolution
		HideSolutionNode = FALSE
	EndGlobalSection
	GlobalSection(ExtensibilityGlobals) = postSolution
		SolutionGuid = {F6C9743C-54C7-4D8F-8FBE-9BE93BD2DEBF}
	EndGlobalSection
EndGlobal
